// !$*UTF8*$!
{
	archiveVersion = 1;
	classes = {
	};
	objectVersion = 46;
	objects = {

/* Begin PBXBuildFile section */
		8ACAC4981E8CA6550034C579 /* AppDelegate.swift in Sources */ = {isa = PBXBuildFile; fileRef = 8ACAC4971E8CA6550034C579 /* AppDelegate.swift */; };
		8ACAC49A1E8CA6550034C579 /* ViewController.swift in Sources */ = {isa = PBXBuildFile; fileRef = 8ACAC4991E8CA6550034C579 /* ViewController.swift */; };
		8ACAC49D1E8CA6550034C579 /* Main.storyboard in Resources */ = {isa = PBXBuildFile; fileRef = 8ACAC49B1E8CA6550034C579 /* Main.storyboard */; };
		8ACAC49F1E8CA6550034C579 /* Assets.xcassets in Resources */ = {isa = PBXBuildFile; fileRef = 8ACAC49E1E8CA6550034C579 /* Assets.xcassets */; };
		8ACAC4A21E8CA6550034C579 /* LaunchScreen.storyboard in Resources */ = {isa = PBXBuildFile; fileRef = 8ACAC4A01E8CA6550034C579 /* LaunchScreen.storyboard */; };
		8ACAC4AA1E8CA6770034C579 /* Item.swift in Sources */ = {isa = PBXBuildFile; fileRef = 8ACAC4A91E8CA6770034C579 /* Item.swift */; };
/* End PBXBuildFile section */

/* Begin PBXFileReference section */
		8ACAC4941E8CA6550034C579 /* UIGesture.app */ = {isa = PBXFileReference; explicitFileType = wrapper.application; includeInIndex = 0; path = UIGesture.app; sourceTree = BUILT_PRODUCTS_DIR; };
		8ACAC4971E8CA6550034C579 /* AppDelegate.swift */ = {isa = PBXFileReference; lastKnownFileType = sourcecode.swift; path = AppDelegate.swift; sourceTree = "<group>"; };
		8ACAC4991E8CA6550034C579 /* ViewController.swift */ = {isa = PBXFileReference; lastKnownFileType = sourcecode.swift; path = ViewController.swift; sourceTree = "<group>"; };
		8ACAC49C1E8CA6550034C579 /* Base */ = {isa = PBXFileReference; lastKnownFileType = file.storyboard; name = Base; path = Base.lproj/Main.storyboard; sourceTree = "<group>"; };
		8ACAC49E1E8CA6550034C579 /* Assets.xcassets */ = {isa = PBXFileReference; lastKnownFileType = folder.assetcatalog; path = Assets.xcassets; sourceTree = "<group>"; };
		8ACAC4A11E8CA6550034C579 /* Base */ = {isa = PBXFileReference; lastKnownFileType = file.storyboard; name = Base; path = Base.lproj/LaunchScreen.storyboard; sourceTree = "<group>"; };
		8ACAC4A31E8CA6550034C579 /* Info.plist */ = {isa = PBXFileReference; lastKnownFileType = text.plist.xml; path = Info.plist; sourceTree = "<group>"; };
		8ACAC4A91E8CA6770034C579 /* Item.swift */ = {isa = PBXFileReference; fileEncoding = 4; lastKnownFileType = sourcecode.swift; path = Item.swift; sourceTree = "<group>"; };
/* End PBXFileReference section */

/* Begin PBXFrameworksBuildPhase section */
		8ACAC4911E8CA6550034C579 /* Frameworks */ = {
			isa = PBXFrameworksBuildPhase;
			buildActionMask = 2147483647;
			files = (
			);
			runOnlyForDeploymentPostprocessing = 0;
		};
/* End PBXFrameworksBuildPhase section */

/* Begin PBXGroup section */
		8ACAC48B1E8CA6550034C579 = {
			isa = PBXGroup;
			children = (
				8ACAC4961E8CA6550034C579 /* UIGesture */,
				8ACAC4951E8CA6550034C579 /* Products */,
			);
			sourceTree = "<group>";
		};
		8ACAC4951E8CA6550034C579 /* Products */ = {
			isa = PBXGroup;
			children = (
				8ACAC4941E8CA6550034C579 /* UIGesture.app */,
			);
			name = Products;
			sourceTree = "<group>";
		};
		8ACAC4961E8CA6550034C579 /* UIGesture */ = {
			isa = PBXGroup;
			children = (
				8ACAC4971E8CA6550034C579 /* AppDelegate.swift */,
				8ACAC4991E8CA6550034C579 /* ViewController.swift */,
				8ACAC49B1E8CA6550034C579 /* Main.storyboard */,
				8ACAC49E1E8CA6550034C579 /* Assets.xcassets */,
				8ACAC4A01E8CA6550034C579 /* LaunchScreen.storyboard */,
				8ACAC4A31E8CA6550034C579 /* Info.plist */,
				8ACAC4A91E8CA6770034C579 /* Item.swift */,
			);
			path = UIGesture;
			sourceTree = "<group>";
		};
/* End PBXGroup section */

/* Begin PBXNativeTarget section */
		8ACAC4931E8CA6550034C579 /* UIGesture */ = {
			isa = PBXNativeTarget;
			buildConfigurationList = 8ACAC4A61E8CA6550034C579 /* Build configuration list for PBXNativeTarget "UIGesture" */;
			buildPhases = (
				8ACAC4901E8CA6550034C579 /* Sources */,
				8ACAC4911E8CA6550034C579 /* Frameworks */,
				8ACAC4921E8CA6550034C579 /* Resources */,
			);
			buildRules = (
			);
			dependencies = (
			);
			name = UIGesture;
			productName = UIGesture;
			productReference = 8ACAC4941E8CA6550034C579 /* UIGesture.app */;
			productType = "com.apple.product-type.application";
		};
/* End PBXNativeTarget section */

/* Begin PBXProject section */
		8ACAC48C1E8CA6550034C579 /* Project object */ = {
			isa = PBXProject;
			attributes = {
				LastSwiftUpdateCheck = 0820;
				LastUpgradeCheck = 0820;
				ORGANIZATIONNAME = QuangBach;
				TargetAttributes = {
					8ACAC4931E8CA6550034C579 = {
						CreatedOnToolsVersion = 8.2;
						ProvisioningStyle = Automatic;
					};
				};
			};
			buildConfigurationList = 8ACAC48F1E8CA6550034C579 /* Build configuration list for PBXProject "UIGesture" */;
			compatibilityVersion = "Xcode 3.2";
			developmentRegion = English;
			hasScannedForEncodings = 0;
			knownRegions = (
				en,
				Base,
			);
			mainGroup = 8ACAC48B1E8CA6550034C579;
			productRefGroup = 8ACAC4951E8CA6550034C579 /* Products */;
			projectDirPath = "";
			projectRoot = "";
			targets = (
				8ACAC4931E8CA6550034C579 /* UIGesture */,
			);
		};
/* End PBXProject section */

/* Begin PBXResourcesBuildPhase section */
		8ACAC4921E8CA6550034C579 /* Resources */ = {
			isa = PBXResourcesBuildPhase;
			buildActionMask = 2147483647;
			files = (
				8ACAC4A21E8CA6550034C579 /* LaunchScreen.storyboard in Resources */,
				8ACAC49F1E8CA6550034C579 /* Assets.xcassets in Resources */,
				8ACAC49D1E8CA6550034C579 /* Main.storyboard in Resources */,
			);
			runOnlyForDeploymentPostprocessing = 0;
		};
/* End PBXResourcesBuildPhase section */

/* Begin PBXSourcesBuildPhase section */
		8ACAC4901E8CA6550034C579 /* Sources */ = {
			isa = PBXSourcesBuildPhase;
			buildActionMask = 2147483647;
			files = (
				8ACAC49A1E8CA6550034C579 /* ViewController.swift in Sources */,
				8ACAC4AA1E8CA6770034C579 /* Item.swift in Sources */,
				8ACAC4981E8CA6550034C579 /* AppDelegate.swift in Sources */,
			);
			runOnlyForDeploymentPostprocessing = 0;
		};
/* End PBXSourcesBuildPhase section */

/* Begin PBXVariantGroup section */
		8ACAC49B1E8CA6550034C579 /* Main.storyboard */ = {
			isa = PBXVariantGroup;
			children = (
				8ACAC49C1E8CA6550034C579 /* Base */,
			);
			name = Main.storyboard;
			sourceTree = "<group>";
		};
		8ACAC4A01E8CA6550034C579 /* LaunchScreen.storyboard */ = {
			isa = PBXVariantGroup;
			children = (
				8ACAC4A11E8CA6550034C579 /* Base */,
			);
			name = LaunchScreen.storyboard;
			sourceTree = "<group>";
		};
/* End PBXVariantGroup section */

/* Begin XCBuildConfiguration section */
		8ACAC4A41E8CA6550034C579 /* Debug */ = {
			isa = XCBuildConfiguration;
			buildSettings = {
				ALWAYS_SEARCH_USER_PATHS = NO;
				CLANG_ANALYZER_NONNULL = YES;
				CLANG_CXX_LANGUAGE_STANDARD = "gnu++0x";
				CLANG_CXX_LIBRARY = "libc++";
				CLANG_ENABLE_MODULES = YES;
				CLANG_ENABLE_OBJC_ARC = YES;
				CLANG_WARN_BOOL_CONVERSION = YES;
				CLANG_WARN_CONSTANT_CONVERSION = YES;
				CLANG_WARN_DIRECT_OBJC_ISA_USAGE = YES_ERROR;
				CLANG_WARN_DOCUMENTATION_COMMENTS = YES;
				CLANG_WARN_EMPTY_BODY = YES;
				CLANG_WARN_ENUM_CONVERSION = YES;
				CLANG_WARN_INFINITE_RECURSION = YES;
				CLANG_WARN_INT_CONVERSION = YES;
				CLANG_WARN_OBJC_ROOT_CLASS = YES_ERROR;
				CLANG_WARN_SUSPICIOUS_MOVE = YES;
				CLANG_WARN_UNREACHABLE_CODE = YES;
				CLANG_WARN__DUPLICATE_METHOD_MATCH = YES;
				"CODE_SIGN_IDENTITY[sdk=iphoneos*]" = "iPhone Developer";
				COPY_PHASE_STRIP = NO;
				DEBUG_INFORMATION_FORMAT = dwarf;
				ENABLE_STRICT_OBJC_MSGSEND = YES;
				ENABLE_TESTABILITY = YES;
				GCC_C_LANGUAGE_STANDARD = gnu99;
				GCC_DYNAMIC_NO_PIC = NO;
				GCC_NO_COMMON_BLOCKS = YES;
				GCC_OPTIMIZATION_LEVEL = 0;
				GCC_PREPROCESSOR_DEFINITIONS = (
					"DEBUG=1",
					"$(inherited)",
				);
				GCC_WARN_64_TO_32_BIT_CONVERSION = YES;
				GCC_WARN_ABOUT_RETURN_TYPE = YES_ERROR;
				GCC_WARN_UNDECLARED_SELECTOR = YES;
				GCC_WARN_UNINITIALIZED_AUTOS = YES_AGGRESSIVE;
				GCC_WARN_UNUSED_FUNCTION = YES;
				GCC_WARN_UNUSED_VARIABLE = YES;
				IPHONEOS_DEPLOYMENT_TARGET = 10.2;
				MTL_ENABLE_DEBUG_INFO = YES;
				ONLY_ACTIVE_ARCH = YES;
				SDKROOT = iphoneos;
				SWIFT_ACTIVE_COMPILATION_CONDITIONS = DEBUG;
				SWIFT_OPTIMIZATION_LEVEL = "-Onone";
			};
			name = Debug;
		};
		8ACAC4A51E8CA6550034C579 /* Release */ = {
			isa = XCBuildConfiguration;
			buildSettings = {
				ALWAYS_SEARCH_USER_PATHS = NO;
				CLANG_ANALYZER_NONNULL = YES;
				CLANG_CXX_LANGUAGE_STANDARD = "gnu++0x";
				CLANG_CXX_LIBRARY = "libc++";
				CLANG_ENABLE_MODULES = YES;
				CLANG_ENABLE_OBJC_ARC = YES;
				CLANG_WARN_BOOL_CONVERSION = YES;
				CLANG_WARN_CONSTANT_CONVERSION = YES;
				CLANG_WARN_DIRECT_OBJC_ISA_USAGE = YES_ERROR;
				CLANG_WARN_DOCUMENTATION_COMMENTS = YES;
				CLANG_WARN_EMPTY_BODY = YES;
				CLANG_WARN_ENUM_CONVERSION = YES;
				CLANG_WARN_INFINITE_RECURSION = YES;
				CLANG_WARN_INT_CONVERSION = YES;
				CLANG_WARN_OBJC_ROOT_CLASS = YES_ERROR;
				CLANG_WARN_SUSPICIOUS_MOVE = YES;
				CLANG_WARN_UNREACHABLE_CODE = YES;
				CLANG_WARN__DUPLICATE_METHOD_MATCH = YES;
				"CODE_SIGN_IDENTITY[sdk=iphoneos*]" = "iPhone Developer";
				COPY_PHASE_STRIP = NO;
				DEBUG_INFORMATION_FORMAT = "dwarf-with-dsym";
				ENABLE_NS_ASSERTIONS = NO;
				ENABLE_STRICT_OBJC_MSGSEND = YES;
				GCC_C_LANGUAGE_STANDARD = gnu99;
				GCC_NO_COMMON_BLOCKS = YES;
				GCC_WARN_64_TO_32_BIT_CONVERSION = YES;
				GCC_WARN_ABOUT_RETURN_TYPE = YES_ERROR;
				GCC_WARN_UNDECLARED_SELECTOR = YES;
				GCC_WARN_UNINITIALIZED_AUTOS = YES_AGGRESSIVE;
				GCC_WARN_UNUSED_FUNCTION = YES;
				GCC_WARN_UNUSED_VARIABLE = YES;
				IPHONEOS_DEPLOYMENT_TARGET = 10.2;
				MTL_ENABLE_DEBUG_INFO = NO;
				SDKROOT = iphoneos;
				SWIFT_OPTIMIZATION_LEVEL = "-Owholemodule";
				VALIDATE_PRODUCT = YES;
			};
			name = Release;
		};
		8ACAC4A71E8CA6550034C579 /* Debug */ = {
			isa = XCBuildConfiguration;
			buildSettings = {
				ASSETCATALOG_COMPILER_APPICON_NAME = AppIcon;
				INFOPLIST_FILE = UIGesture/Info.plist;
				LD_RUNPATH_SEARCH_PATHS = "$(inherited) @executable_path/Frameworks";
				PRODUCT_BUNDLE_IDENTIFIER = com.bach.UIGesture;
				PRODUCT_NAME = "$(TARGET_NAME)";
				SWIFT_VERSION = 3.0;
			};
			name = Debug;
		};
		8ACAC4A81E8CA6550034C579 /* Release */ = {
			isa = XCBuildConfiguration;
			buildSettings = {
				ASSETCATALOG_COMPILER_APPICON_NAME = AppIcon;
				INFOPLIST_FILE = UIGesture/Info.plist;
				LD_RUNPATH_SEARCH_PATHS = "$(inherited) @executable_path/Frameworks";
				PRODUCT_BUNDLE_IDENTIFIER = com.bach.UIGesture;
				PRODUCT_NAME = "$(TARGET_NAME)";
				SWIFT_VERSION = 3.0;
			};
			name = Release;
		};
/* End XCBuildConfiguration section */

/* Begin XCConfigurationList section */
		8ACAC48F1E8CA6550034C579 /* Build configuration list for PBXProject "UIGesture" */ = {
			isa = XCConfigurationList;
			buildConfigurations = (
				8ACAC4A41E8CA6550034C579 /* Debug */,
				8ACAC4A51E8CA6550034C579 /* Release */,
			);
			defaultConfigurationIsVisible = 0;
			defaultConfigurationName = Release;
		};
		8ACAC4A61E8CA6550034C579 /* Build configuration list for PBXNativeTarget "UIGesture" */ = {
			isa = XCConfigurationList;
			buildConfigurations = (
				8ACAC4A71E8CA6550034C579 /* Debug */,
				8ACAC4A81E8CA6550034C579 /* Release */,
			);
			defaultConfigurationIsVisible = 0;
		};
/* End XCConfigurationList section */
	};
	rootObject = 8ACAC48C1E8CA6550034C579 /* Project object */;
}
